<?xml version="1.0" encoding="utf-8"?>
<Project ToolsVersion="4.0" xmlns="http://schemas.microsoft.com/developer/msbuild/2003">
  <ItemGroup>
    <Filter Include="源文件">
      <UniqueIdentifier>{4FC737F1-C7A5-4376-A066-2A32D752A2FF}</UniqueIdentifier>
      <Extensions>cpp;c;cc;cxx;def;odl;idl;hpj;bat;asm;asmx</Extensions>
    </Filter>
    <Filter Include="头文件">
      <UniqueIdentifier>{93995380-89BD-4b04-88EB-625FBE52EBFB}</UniqueIdentifier>
      <Extensions>h;hh;hpp;hxx;hm;inl;inc;xsd</Extensions>
    </Filter>
    <Filter Include="资源文件">
      <UniqueIdentifier>{67DA6AB6-F800-4c08-8B7A-83BB121AAD01}</UniqueIdentifier>
      <Extensions>rc;ico;cur;bmp;dlg;rc2;rct;bin;rgs;gif;jpg;jpeg;jpe;resx;tiff;tif;png;wav;mfcribbon-ms</Extensions>
    </Filter>
    <Filter Include="unit_tests">
      <UniqueIdentifier>{37e014be-e110-48aa-9591-e7cd0d57b6f8}</UniqueIdentifier>
    </Filter>
    <Filter Include="example">
      <UniqueIdentifier>{3774df3e-76d3-48be-a66e-6c6e4979c871}</UniqueIdentifier>
    </Filter>
  </ItemGroup>
  <ItemGroup>
    <ClCompile Include="..\..\src\onemore\unittests\mUnitTest.cpp">
      <Filter>unit_tests</Filter>
    </ClCompile>
    <ClCompile Include="..\..\src\onemore\unittests\mTestTable.cpp">
      <Filter>unit_tests</Filter>
    </ClCompile>
    <ClCompile Include="..\..\src\onemore\unittests\mTestString.cpp">
      <Filter>unit_tests</Filter>
    </ClCompile>
    <ClCompile Include="..\..\src\onemore\unittests\mTestSemantic.cpp">
      <Filter>unit_tests</Filter>
    </ClCompile>
    <ClCompile Include="..\..\src\onemore\unittests\mTestParser.cpp">
      <Filter>unit_tests</Filter>
    </ClCompile>
    <ClCompile Include="..\..\src\onemore\unittests\mTestLex.cpp">
      <Filter>unit_tests</Filter>
    </ClCompile>
    <ClCompile Include="..\..\src\onemore\unittests\mGCTest.cpp">
      <Filter>unit_tests</Filter>
    </ClCompile>
    <ClCompile Include="..\..\src\onemore\mVM.cpp">
      <Filter>源文件</Filter>
    </ClCompile>
    <ClCompile Include="..\..\src\onemore\mValue.cpp">
      <Filter>源文件</Filter>
    </ClCompile>
    <ClCompile Include="..\..\src\onemore\mUserData.cpp">
      <Filter>源文件</Filter>
    </ClCompile>
    <ClCompile Include="..\..\src\onemore\mUpvalue.cpp">
      <Filter>源文件</Filter>
    </ClCompile>
    <ClCompile Include="..\..\src\onemore\mToken.cpp">
      <Filter>源文件</Filter>
    </ClCompile>
    <ClCompile Include="..\..\src\onemore\mTextInStream.cpp">
      <Filter>源文件</Filter>
    </ClCompile>
    <ClCompile Include="..\..\src\onemore\mTable.cpp">
      <Filter>源文件</Filter>
    </ClCompile>
    <ClCompile Include="..\..\src\onemore\mSyntaxTree.cpp">
      <Filter>源文件</Filter>
    </ClCompile>
    <ClCompile Include="..\..\src\onemore\mStringPool.cpp">
      <Filter>源文件</Filter>
    </ClCompile>
    <ClCompile Include="..\..\src\onemore\mString.cpp">
      <Filter>源文件</Filter>
    </ClCompile>
    <ClCompile Include="..\..\src\onemore\mState.cpp">
      <Filter>源文件</Filter>
    </ClCompile>
    <ClCompile Include="..\..\src\onemore\mSemanticAnalysis.cpp">
      <Filter>源文件</Filter>
    </ClCompile>
    <ClCompile Include="..\..\src\onemore\mRuntime.cpp">
      <Filter>源文件</Filter>
    </ClCompile>
    <ClCompile Include="..\..\src\onemore\mParser.cpp">
      <Filter>源文件</Filter>
    </ClCompile>
    <ClCompile Include="..\..\src\onemore\mModuleManager.cpp">
      <Filter>源文件</Filter>
    </ClCompile>
    <ClCompile Include="..\..\src\onemore\mLuna.cpp">
      <Filter>源文件</Filter>
    </ClCompile>
    <ClCompile Include="..\..\src\onemore\mLibTable.cpp">
      <Filter>源文件</Filter>
    </ClCompile>
    <ClCompile Include="..\..\src\onemore\mLibString.cpp">
      <Filter>源文件</Filter>
    </ClCompile>
    <ClCompile Include="..\..\src\onemore\mLibMath.cpp">
      <Filter>源文件</Filter>
    </ClCompile>
    <ClCompile Include="..\..\src\onemore\mLibIO.cpp">
      <Filter>源文件</Filter>
    </ClCompile>
    <ClCompile Include="..\..\src\onemore\mLibBase.cpp">
      <Filter>源文件</Filter>
    </ClCompile>
    <ClCompile Include="..\..\src\onemore\mLibAPI.cpp">
      <Filter>源文件</Filter>
    </ClCompile>
    <ClCompile Include="..\..\src\onemore\mLex.cpp">
      <Filter>源文件</Filter>
    </ClCompile>
    <ClCompile Include="..\..\src\onemore\mGC.cpp">
      <Filter>源文件</Filter>
    </ClCompile>
    <ClCompile Include="..\..\src\onemore\mFunction.cpp">
      <Filter>源文件</Filter>
    </ClCompile>
    <ClCompile Include="..\..\src\onemore\mCodeGenerate.cpp">
      <Filter>源文件</Filter>
    </ClCompile>
  </ItemGroup>
  <ItemGroup>
    <ClInclude Include="..\..\src\onemore\unittests\mUnitTest.h">
      <Filter>unit_tests</Filter>
    </ClInclude>
    <ClInclude Include="..\..\src\onemore\unittests\mTestCommon.h">
      <Filter>unit_tests</Filter>
    </ClInclude>
    <ClInclude Include="..\..\src\onemore\mVM.h">
      <Filter>源文件</Filter>
    </ClInclude>
    <ClInclude Include="..\..\src\onemore\mVisitor.h">
      <Filter>源文件</Filter>
    </ClInclude>
    <ClInclude Include="..\..\src\onemore\mValue.h">
      <Filter>源文件</Filter>
    </ClInclude>
    <ClInclude Include="..\..\src\onemore\mUserData.h">
      <Filter>源文件</Filter>
    </ClInclude>
    <ClInclude Include="..\..\src\onemore\mUpvalue.h">
      <Filter>源文件</Filter>
    </ClInclude>
    <ClInclude Include="..\..\src\onemore\mToken.h">
      <Filter>源文件</Filter>
    </ClInclude>
    <ClInclude Include="..\..\src\onemore\mTextInStream.h">
      <Filter>源文件</Filter>
    </ClInclude>
    <ClInclude Include="..\..\src\onemore\mTable.h">
      <Filter>源文件</Filter>
    </ClInclude>
    <ClInclude Include="..\..\src\onemore\mSyntaxTree.h">
      <Filter>源文件</Filter>
    </ClInclude>
    <ClInclude Include="..\..\src\onemore\mStringPool.h">
      <Filter>源文件</Filter>
    </ClInclude>
    <ClInclude Include="..\..\src\onemore\mString.h">
      <Filter>源文件</Filter>
    </ClInclude>
    <ClInclude Include="..\..\src\onemore\mState.h">
      <Filter>源文件</Filter>
    </ClInclude>
    <ClInclude Include="..\..\src\onemore\mSemanticAnalysis.h">
      <Filter>源文件</Filter>
    </ClInclude>
    <ClInclude Include="..\..\src\onemore\mRuntime.h">
      <Filter>源文件</Filter>
    </ClInclude>
    <ClInclude Include="..\..\src\onemore\mParser.h">
      <Filter>源文件</Filter>
    </ClInclude>
    <ClInclude Include="..\..\src\onemore\mOpCode.h">
      <Filter>源文件</Filter>
    </ClInclude>
    <ClInclude Include="..\..\src\onemore\mModuleManager.h">
      <Filter>源文件</Filter>
    </ClInclude>
    <ClInclude Include="..\..\src\onemore\mLibTable.h">
      <Filter>源文件</Filter>
    </ClInclude>
    <ClInclude Include="..\..\src\onemore\mLibString.h">
      <Filter>源文件</Filter>
    </ClInclude>
    <ClInclude Include="..\..\src\onemore\mLibMath.h">
      <Filter>源文件</Filter>
    </ClInclude>
    <ClInclude Include="..\..\src\onemore\mLibIO.h">
      <Filter>源文件</Filter>
    </ClInclude>
    <ClInclude Include="..\..\src\onemore\mLibBase.h">
      <Filter>源文件</Filter>
    </ClInclude>
    <ClInclude Include="..\..\src\onemore\mLibAPI.h">
      <Filter>源文件</Filter>
    </ClInclude>
    <ClInclude Include="..\..\src\onemore\mLex.h">
      <Filter>源文件</Filter>
    </ClInclude>
    <ClInclude Include="..\..\src\onemore\mGuard.h">
      <Filter>源文件</Filter>
    </ClInclude>
    <ClInclude Include="..\..\src\onemore\mGC.h">
      <Filter>源文件</Filter>
    </ClInclude>
    <ClInclude Include="..\..\src\onemore\mFunction.h">
      <Filter>源文件</Filter>
    </ClInclude>
    <ClInclude Include="..\..\src\onemore\mException.h">
      <Filter>源文件</Filter>
    </ClInclude>
    <ClInclude Include="..\..\src\onemore\mCodeGenerate.h">
      <Filter>源文件</Filter>
    </ClInclude>
  </ItemGroup>
  <ItemGroup>
    <None Include="..\..\src\onemore\example\calculator.lua">
      <Filter>example</Filter>
    </None>
    <None Include="..\..\src\onemore\example\gctest.lua">
      <Filter>example</Filter>
    </None>
    <None Include="..\..\src\onemore\example\test.lua">
      <Filter>example</Filter>
    </None>
  </ItemGroup>
</Project>