<?xml version="1.0" encoding="utf-8"?>
<Project ToolsVersion="4.0" xmlns="http://schemas.microsoft.com/developer/msbuild/2003">
  <ItemGroup>
    <Filter Include="源文件">
      <UniqueIdentifier>{4FC737F1-C7A5-4376-A066-2A32D752A2FF}</UniqueIdentifier>
      <Extensions>cpp;c;cc;cxx;def;odl;idl;hpj;bat;asm;asmx</Extensions>
    </Filter>
    <Filter Include="头文件">
      <UniqueIdentifier>{93995380-89BD-4b04-88EB-625FBE52EBFB}</UniqueIdentifier>
      <Extensions>h;hh;hpp;hxx;hm;inl;inc;xsd</Extensions>
    </Filter>
    <Filter Include="资源文件">
      <UniqueIdentifier>{67DA6AB6-F800-4c08-8B7A-83BB121AAD01}</UniqueIdentifier>
      <Extensions>rc;ico;cur;bmp;dlg;rc2;rct;bin;rgs;gif;jpg;jpeg;jpe;resx;tiff;tif;png;wav;mfcribbon-ms</Extensions>
    </Filter>
    <Filter Include="unit_tests">
      <UniqueIdentifier>{37e014be-e110-48aa-9591-e7cd0d57b6f8}</UniqueIdentifier>
    </Filter>
    <Filter Include="example">
      <UniqueIdentifier>{3774df3e-76d3-48be-a66e-6c6e4979c871}</UniqueIdentifier>
    </Filter>
  </ItemGroup>
  <ItemGroup>
    <ClCompile Include="..\..\src\onemore\unittests\mtest_gc.cpp">
      <Filter>unit_tests</Filter>
    </ClCompile>
    <ClCompile Include="..\..\src\onemore\unittests\mtest_lex.cpp">
      <Filter>unit_tests</Filter>
    </ClCompile>
    <ClCompile Include="..\..\src\onemore\unittests\mtest_parser.cpp">
      <Filter>unit_tests</Filter>
    </ClCompile>
    <ClCompile Include="..\..\src\onemore\unittests\mtest_semantic.cpp">
      <Filter>unit_tests</Filter>
    </ClCompile>
    <ClCompile Include="..\..\src\onemore\unittests\mtest_string.cpp">
      <Filter>unit_tests</Filter>
    </ClCompile>
    <ClCompile Include="..\..\src\onemore\unittests\mtest_table.cpp">
      <Filter>unit_tests</Filter>
    </ClCompile>
    <ClCompile Include="..\..\src\onemore\unittests\munit_test.cpp">
      <Filter>unit_tests</Filter>
    </ClCompile>
    <ClCompile Include="..\..\src\onemore\mcode_generate.cpp">
      <Filter>源文件</Filter>
    </ClCompile>
    <ClCompile Include="..\..\src\onemore\mlib_api.cpp">
      <Filter>源文件</Filter>
    </ClCompile>
    <ClCompile Include="..\..\src\onemore\mlib_base.cpp">
      <Filter>源文件</Filter>
    </ClCompile>
    <ClCompile Include="..\..\src\onemore\mlib_io.cpp">
      <Filter>源文件</Filter>
    </ClCompile>
    <ClCompile Include="..\..\src\onemore\mlib_math.cpp">
      <Filter>源文件</Filter>
    </ClCompile>
    <ClCompile Include="..\..\src\onemore\mlib_string.cpp">
      <Filter>源文件</Filter>
    </ClCompile>
    <ClCompile Include="..\..\src\onemore\mlib_table.cpp">
      <Filter>源文件</Filter>
    </ClCompile>
    <ClCompile Include="..\..\src\onemore\mmodule_manager.cpp">
      <Filter>源文件</Filter>
    </ClCompile>
    <ClCompile Include="..\..\src\onemore\msemantic_analysis.cpp">
      <Filter>源文件</Filter>
    </ClCompile>
    <ClCompile Include="..\..\src\onemore\mstring_pool.cpp">
      <Filter>源文件</Filter>
    </ClCompile>
    <ClCompile Include="..\..\src\onemore\msyntax_tree.cpp">
      <Filter>源文件</Filter>
    </ClCompile>
    <ClCompile Include="..\..\src\onemore\mtext_in_stream.cpp">
      <Filter>源文件</Filter>
    </ClCompile>
    <ClCompile Include="..\..\src\onemore\muser_data.cpp">
      <Filter>源文件</Filter>
    </ClCompile>
    <ClCompile Include="..\..\src\onemore\mfunction.cpp">
      <Filter>源文件</Filter>
    </ClCompile>
    <ClCompile Include="..\..\src\onemore\mgc.cpp">
      <Filter>源文件</Filter>
    </ClCompile>
    <ClCompile Include="..\..\src\onemore\mlex.cpp">
      <Filter>源文件</Filter>
    </ClCompile>
    <ClCompile Include="..\..\src\onemore\mluna.cpp">
      <Filter>源文件</Filter>
    </ClCompile>
    <ClCompile Include="..\..\src\onemore\mparser.cpp">
      <Filter>源文件</Filter>
    </ClCompile>
    <ClCompile Include="..\..\src\onemore\mruntime.cpp">
      <Filter>源文件</Filter>
    </ClCompile>
    <ClCompile Include="..\..\src\onemore\mstate.cpp">
      <Filter>源文件</Filter>
    </ClCompile>
    <ClCompile Include="..\..\src\onemore\mstring.cpp">
      <Filter>源文件</Filter>
    </ClCompile>
    <ClCompile Include="..\..\src\onemore\mtable.cpp">
      <Filter>源文件</Filter>
    </ClCompile>
    <ClCompile Include="..\..\src\onemore\mtoken.cpp">
      <Filter>源文件</Filter>
    </ClCompile>
    <ClCompile Include="..\..\src\onemore\mupvalue.cpp">
      <Filter>源文件</Filter>
    </ClCompile>
    <ClCompile Include="..\..\src\onemore\mvalue.cpp">
      <Filter>源文件</Filter>
    </ClCompile>
    <ClCompile Include="..\..\src\onemore\mvm.cpp">
      <Filter>源文件</Filter>
    </ClCompile>
  </ItemGroup>
  <ItemGroup>
    <ClInclude Include="..\..\src\onemore\unittests\mtest_common.h">
      <Filter>unit_tests</Filter>
    </ClInclude>
    <ClInclude Include="..\..\src\onemore\unittests\munit_test.h">
      <Filter>unit_tests</Filter>
    </ClInclude>
    <ClInclude Include="..\..\src\onemore\mcode_generate.h">
      <Filter>源文件</Filter>
    </ClInclude>
    <ClInclude Include="..\..\src\onemore\mlib_api.h">
      <Filter>源文件</Filter>
    </ClInclude>
    <ClInclude Include="..\..\src\onemore\mlib_base.h">
      <Filter>源文件</Filter>
    </ClInclude>
    <ClInclude Include="..\..\src\onemore\mlib_io.h">
      <Filter>源文件</Filter>
    </ClInclude>
    <ClInclude Include="..\..\src\onemore\mlib_math.h">
      <Filter>源文件</Filter>
    </ClInclude>
    <ClInclude Include="..\..\src\onemore\mlib_string.h">
      <Filter>源文件</Filter>
    </ClInclude>
    <ClInclude Include="..\..\src\onemore\mlib_table.h">
      <Filter>源文件</Filter>
    </ClInclude>
    <ClInclude Include="..\..\src\onemore\mmodule_manager.h">
      <Filter>源文件</Filter>
    </ClInclude>
    <ClInclude Include="..\..\src\onemore\mop_code.h">
      <Filter>源文件</Filter>
    </ClInclude>
    <ClInclude Include="..\..\src\onemore\msemantic_analysis.h">
      <Filter>源文件</Filter>
    </ClInclude>
    <ClInclude Include="..\..\src\onemore\mstring_pool.h">
      <Filter>源文件</Filter>
    </ClInclude>
    <ClInclude Include="..\..\src\onemore\msyntax_tree.h">
      <Filter>源文件</Filter>
    </ClInclude>
    <ClInclude Include="..\..\src\onemore\mtext_in_stream.h">
      <Filter>源文件</Filter>
    </ClInclude>
    <ClInclude Include="..\..\src\onemore\muser_data.h">
      <Filter>源文件</Filter>
    </ClInclude>
    <ClInclude Include="..\..\src\onemore\mexception.h">
      <Filter>源文件</Filter>
    </ClInclude>
    <ClInclude Include="..\..\src\onemore\mfunction.h">
      <Filter>源文件</Filter>
    </ClInclude>
    <ClInclude Include="..\..\src\onemore\mgc.h">
      <Filter>源文件</Filter>
    </ClInclude>
    <ClInclude Include="..\..\src\onemore\mguard.h">
      <Filter>源文件</Filter>
    </ClInclude>
    <ClInclude Include="..\..\src\onemore\mlex.h">
      <Filter>源文件</Filter>
    </ClInclude>
    <ClInclude Include="..\..\src\onemore\mparser.h">
      <Filter>源文件</Filter>
    </ClInclude>
    <ClInclude Include="..\..\src\onemore\mruntime.h">
      <Filter>源文件</Filter>
    </ClInclude>
    <ClInclude Include="..\..\src\onemore\mstate.h">
      <Filter>源文件</Filter>
    </ClInclude>
    <ClInclude Include="..\..\src\onemore\mstring.h">
      <Filter>源文件</Filter>
    </ClInclude>
    <ClInclude Include="..\..\src\onemore\mtable.h">
      <Filter>源文件</Filter>
    </ClInclude>
    <ClInclude Include="..\..\src\onemore\mtoken.h">
      <Filter>源文件</Filter>
    </ClInclude>
    <ClInclude Include="..\..\src\onemore\mupvalue.h">
      <Filter>源文件</Filter>
    </ClInclude>
    <ClInclude Include="..\..\src\onemore\mvalue.h">
      <Filter>源文件</Filter>
    </ClInclude>
    <ClInclude Include="..\..\src\onemore\mvm.h">
      <Filter>源文件</Filter>
    </ClInclude>
    <ClInclude Include="..\..\src\onemore\mvisitor.h">
      <Filter>源文件</Filter>
    </ClInclude>
  </ItemGroup>
  <ItemGroup>
    <None Include="..\..\src\onemore\example\calculator.lua">
      <Filter>example</Filter>
    </None>
    <None Include="..\..\src\onemore\example\gctest.lua">
      <Filter>example</Filter>
    </None>
    <None Include="..\..\src\onemore\example\test.lua">
      <Filter>example</Filter>
    </None>
  </ItemGroup>
</Project>