<?xml version="1.0" encoding="utf-8"?>
<Project ToolsVersion="4.0" xmlns="http://schemas.microsoft.com/developer/msbuild/2003">
  <ItemGroup>
    <Filter Include="源文件">
      <UniqueIdentifier>{4FC737F1-C7A5-4376-A066-2A32D752A2FF}</UniqueIdentifier>
      <Extensions>cpp;c;cc;cxx;def;odl;idl;hpj;bat;asm;asmx</Extensions>
    </Filter>
    <Filter Include="头文件">
      <UniqueIdentifier>{cb9787b8-5d5c-4944-97bf-c8367553fc98}</UniqueIdentifier>
      <Extensions>h;</Extensions>
    </Filter>
    <Filter Include="src">
      <UniqueIdentifier>{4bb4646b-a39d-4742-902f-f9b59cd5b0b3}</UniqueIdentifier>
    </Filter>
    <Filter Include="lib">
      <UniqueIdentifier>{4346afcc-c3ae-4709-a759-d43b4e05f3ed}</UniqueIdentifier>
    </Filter>
  </ItemGroup>
  <ItemGroup>
    <ClCompile Include="..\..\src\lua\lapi.c">
      <Filter>源文件</Filter>
    </ClCompile>
    <ClCompile Include="..\..\src\lua\lcode.c">
      <Filter>源文件</Filter>
    </ClCompile>
    <ClCompile Include="..\..\src\lua\ldebug.c">
      <Filter>源文件</Filter>
    </ClCompile>
    <ClCompile Include="..\..\src\lua\ldo.c">
      <Filter>源文件</Filter>
    </ClCompile>
    <ClCompile Include="..\..\src\lua\ldump.c">
      <Filter>源文件</Filter>
    </ClCompile>
    <ClCompile Include="..\..\src\lua\lfunc.c">
      <Filter>源文件</Filter>
    </ClCompile>
    <ClCompile Include="..\..\src\lua\lgc.c">
      <Filter>源文件</Filter>
    </ClCompile>
    <ClCompile Include="..\..\src\lua\linit.c">
      <Filter>源文件</Filter>
    </ClCompile>
    <ClCompile Include="..\..\src\lua\llex.c">
      <Filter>源文件</Filter>
    </ClCompile>
    <ClCompile Include="..\..\src\lua\lmem.c">
      <Filter>源文件</Filter>
    </ClCompile>
    <ClCompile Include="..\..\src\lua\lobject.c">
      <Filter>源文件</Filter>
    </ClCompile>
    <ClCompile Include="..\..\src\lua\lopcodes.c">
      <Filter>源文件</Filter>
    </ClCompile>
    <ClCompile Include="..\..\src\lua\lparser.c">
      <Filter>源文件</Filter>
    </ClCompile>
    <ClCompile Include="..\..\src\lua\lstate.c">
      <Filter>源文件</Filter>
    </ClCompile>
    <ClCompile Include="..\..\src\lua\lstring.c">
      <Filter>源文件</Filter>
    </ClCompile>
    <ClCompile Include="..\..\src\lua\ltable.c">
      <Filter>源文件</Filter>
    </ClCompile>
    <ClCompile Include="..\..\src\lua\ltm.c">
      <Filter>源文件</Filter>
    </ClCompile>
    <ClCompile Include="..\..\src\lua\lua.c">
      <Filter>源文件</Filter>
    </ClCompile>
    <ClCompile Include="..\..\src\lua\luac.c">
      <Filter>源文件</Filter>
    </ClCompile>
    <ClCompile Include="..\..\src\lua\lundump.c">
      <Filter>源文件</Filter>
    </ClCompile>
    <ClCompile Include="..\..\src\lua\lvm.c">
      <Filter>源文件</Filter>
    </ClCompile>
    <ClCompile Include="..\..\src\lua\lzio.c">
      <Filter>源文件</Filter>
    </ClCompile>
    <ClCompile Include="..\..\src\lua\print.c">
      <Filter>源文件</Filter>
    </ClCompile>
    <ClCompile Include="..\..\src\lua\lmathlib.c">
      <Filter>lib</Filter>
    </ClCompile>
    <ClCompile Include="..\..\src\lua\lstrlib.c">
      <Filter>lib</Filter>
    </ClCompile>
    <ClCompile Include="..\..\src\lua\ltablib.c">
      <Filter>lib</Filter>
    </ClCompile>
    <ClCompile Include="..\..\src\lua\lbaselib.c">
      <Filter>lib</Filter>
    </ClCompile>
    <ClCompile Include="..\..\src\lua\loslib.c">
      <Filter>lib</Filter>
    </ClCompile>
    <ClCompile Include="..\..\src\lua\loadlib.c">
      <Filter>lib</Filter>
    </ClCompile>
    <ClCompile Include="..\..\src\lua\lauxlib.c">
      <Filter>lib</Filter>
    </ClCompile>
    <ClCompile Include="..\..\src\lua\ldblib.c">
      <Filter>lib</Filter>
    </ClCompile>
    <ClCompile Include="..\..\src\lua\liolib.c">
      <Filter>lib</Filter>
    </ClCompile>
  </ItemGroup>
  <ItemGroup>
    <ClInclude Include="..\..\src\lua\lapi.h">
      <Filter>头文件</Filter>
    </ClInclude>
    <ClInclude Include="..\..\src\lua\lcode.h">
      <Filter>头文件</Filter>
    </ClInclude>
    <ClInclude Include="..\..\src\lua\ldebug.h">
      <Filter>头文件</Filter>
    </ClInclude>
    <ClInclude Include="..\..\src\lua\ldo.h">
      <Filter>头文件</Filter>
    </ClInclude>
    <ClInclude Include="..\..\src\lua\lfunc.h">
      <Filter>头文件</Filter>
    </ClInclude>
    <ClInclude Include="..\..\src\lua\lgc.h">
      <Filter>头文件</Filter>
    </ClInclude>
    <ClInclude Include="..\..\src\lua\llex.h">
      <Filter>头文件</Filter>
    </ClInclude>
    <ClInclude Include="..\..\src\lua\llimits.h">
      <Filter>头文件</Filter>
    </ClInclude>
    <ClInclude Include="..\..\src\lua\lmem.h">
      <Filter>头文件</Filter>
    </ClInclude>
    <ClInclude Include="..\..\src\lua\lobject.h">
      <Filter>头文件</Filter>
    </ClInclude>
    <ClInclude Include="..\..\src\lua\lopcodes.h">
      <Filter>头文件</Filter>
    </ClInclude>
    <ClInclude Include="..\..\src\lua\lparser.h">
      <Filter>头文件</Filter>
    </ClInclude>
    <ClInclude Include="..\..\src\lua\lstate.h">
      <Filter>头文件</Filter>
    </ClInclude>
    <ClInclude Include="..\..\src\lua\lstring.h">
      <Filter>头文件</Filter>
    </ClInclude>
    <ClInclude Include="..\..\src\lua\ltable.h">
      <Filter>头文件</Filter>
    </ClInclude>
    <ClInclude Include="..\..\src\lua\ltm.h">
      <Filter>头文件</Filter>
    </ClInclude>
    <ClInclude Include="..\..\src\lua\lua.h">
      <Filter>头文件</Filter>
    </ClInclude>
    <ClInclude Include="..\..\src\lua\luaconf.h">
      <Filter>头文件</Filter>
    </ClInclude>
    <ClInclude Include="..\..\src\lua\lualib.h">
      <Filter>头文件</Filter>
    </ClInclude>
    <ClInclude Include="..\..\src\lua\lundump.h">
      <Filter>头文件</Filter>
    </ClInclude>
    <ClInclude Include="..\..\src\lua\lvm.h">
      <Filter>头文件</Filter>
    </ClInclude>
    <ClInclude Include="..\..\src\lua\lzio.h">
      <Filter>头文件</Filter>
    </ClInclude>
    <ClInclude Include="..\..\src\lua\lua.hpp">
      <Filter>src</Filter>
    </ClInclude>
    <ClInclude Include="..\..\src\lua\lauxlib.h">
      <Filter>lib</Filter>
    </ClInclude>
  </ItemGroup>
</Project>